
Microsoft Visual Studio Solution File, Format Version 12.00
# Visual Studio Version 17
VisualStudioVersion = 17.9.34723.18
MinimumVisualStudioVersion = 10.0.40219.1
Project("{8BC9CEB8-8B4A-11D0-8D11-00A0C91BC942}") = "Project14", "Project14\Project14.vcxproj", "{6733D9A8-53CA-43CB-8B6A-4733385FC2CE}"
EndProject
Project("{8BC9CEB8-8B4A-11D0-8D11-00A0C91BC942}") = "Sample-Test1", "Sample-Test1\Sample-Test1.vcxproj", "{2294439D-AE87-4024-B01C-27B43A8626BD}"
EndProject
Project("{2150E333-8FDC-42A3-9474-1A3956D46DE8}") = "솔루션 항목", "솔루션 항목", "{4AEC7653-142A-44C5-BD18-6C60C28C4CFA}"
	ProjectSection(SolutionItems) = preProject
		.gitignore = .gitignore
		readme.md = readme.md
	EndProjectSection
EndProject
Global
	GlobalSection(SolutionConfigurationPlatforms) = preSolution
		Debug|x64 = Debug|x64
		Debug|x86 = Debug|x86
		Release|x64 = Release|x64
		Release|x86 = Release|x86
	EndGlobalSection
	GlobalSection(ProjectConfigurationPlatforms) = postSolution
		{6733D9A8-53CA-43CB-8B6A-4733385FC2CE}.Debug|x64.ActiveCfg = Debug|x64
		{6733D9A8-53CA-43CB-8B6A-4733385FC2CE}.Debug|x64.Build.0 = Debug|x64
		{6733D9A8-53CA-43CB-8B6A-4733385FC2CE}.Debug|x86.ActiveCfg = Debug|Win32
		{6733D9A8-53CA-43CB-8B6A-4733385FC2CE}.Debug|x86.Build.0 = Debug|Win32
		{6733D9A8-53CA-43CB-8B6A-4733385FC2CE}.Release|x64.ActiveCfg = Release|x64
		{6733D9A8-53CA-43CB-8B6A-4733385FC2CE}.Release|x64.Build.0 = Release|x64
		{6733D9A8-53CA-43CB-8B6A-4733385FC2CE}.Release|x86.ActiveCfg = Release|Win32
		{6733D9A8-53CA-43CB-8B6A-4733385FC2CE}.Release|x86.Build.0 = Release|Win32
		{2294439D-AE87-4024-B01C-27B43A8626BD}.Debug|x64.ActiveCfg = Debug|x64
		{2294439D-AE87-4024-B01C-27B43A8626BD}.Debug|x64.Build.0 = Debug|x64
		{2294439D-AE87-4024-B01C-27B43A8626BD}.Debug|x86.ActiveCfg = Debug|Win32
		{2294439D-AE87-4024-B01C-27B43A8626BD}.Debug|x86.Build.0 = Debug|Win32
		{2294439D-AE87-4024-B01C-27B43A8626BD}.Release|x64.ActiveCfg = Release|x64
		{2294439D-AE87-4024-B01C-27B43A8626BD}.Release|x64.Build.0 = Release|x64
		{2294439D-AE87-4024-B01C-27B43A8626BD}.Release|x86.ActiveCfg = Release|Win32
		{2294439D-AE87-4024-B01C-27B43A8626BD}.Release|x86.Build.0 = Release|Win32
	EndGlobalSection
	GlobalSection(SolutionProperties) = preSolution
		HideSolutionNode = FALSE
	EndGlobalSection
	GlobalSection(ExtensibilityGlobals) = postSolution
		SolutionGuid = {E00BA856-1D91-4F2F-B981-EB0411E4F9C1}
	EndGlobalSection
EndGlobal
